// !$*UTF8*$!
{
	archiveVersion = 1;
	classes = {
	};
	objectVersion = 46;
	objects = {

/* Begin PBXBuildFile section */
		9127A31C1ED6F6C90069CD54 /* main.m in Sources */ = {isa = PBXBuildFile; fileRef = 9127A31B1ED6F6C90069CD54 /* main.m */; };
/* End PBXBuildFile section */

/* Begin PBXCopyFilesBuildPhase section */
		9127A3161ED6F6C90069CD54 /* CopyFiles */ = {
			isa = PBXCopyFilesBuildPhase;
			buildActionMask = 2147483647;
			dstPath = /usr/share/man/man1/;
			dstSubfolderSpec = 0;
			files = (
			);
			runOnlyForDeploymentPostprocessing = 1;
		};
/* End PBXCopyFilesBuildPhase section */

/* Begin PBXFileReference section */
		9127A3181ED6F6C90069CD54 /* RunTestsOnMAC */ = {isa = PBXFileReference; explicitFileType = "compiled.mach-o.executable"; includeInIndex = 0; path = RunTestsOnMAC; sourceTree = BUILT_PRODUCTS_DIR; };
		9127A31B1ED6F6C90069CD54 /* main.m */ = {isa = PBXFileReference; lastKnownFileType = sourcecode.c.objc; path = main.m; sourceTree = "<group>"; };
/* End PBXFileReference section */

/* Begin PBXFrameworksBuildPhase section */
		9127A3151ED6F6C90069CD54 /* Frameworks */ = {
			isa = PBXFrameworksBuildPhase;
			buildActionMask = 2147483647;
			files = (
			);
			runOnlyForDeploymentPostprocessing = 0;
		};
/* End PBXFrameworksBuildPhase section */

/* Begin PBXGroup section */
		9127A30F1ED6F6C90069CD54 = {
			isa = PBXGroup;
			children = (
				9127A31A1ED6F6C90069CD54 /* RunTestsOnMAC */,
				9127A3191ED6F6C90069CD54 /* Products */,
			);
			sourceTree = "<group>";
		};
		9127A3191ED6F6C90069CD54 /* Products */ = {
			isa = PBXGroup;
			children = (
				9127A3181ED6F6C90069CD54 /* RunTestsOnMAC */,
			);
			name = Products;
			sourceTree = "<group>";
		};
		9127A31A1ED6F6C90069CD54 /* RunTestsOnMAC */ = {
			isa = PBXGroup;
			children = (
				9127A31B1ED6F6C90069CD54 /* main.m */,
			);
			path = RunTestsOnMAC;
			sourceTree = "<group>";
		};
/* End PBXGroup section */

/* Begin PBXNativeTarget section */
		9127A3171ED6F6C90069CD54 /* RunTestsOnMAC */ = {
			isa = PBXNativeTarget;
			buildConfigurationList = 9127A31F1ED6F6C90069CD54 /* Build configuration list for PBXNativeTarget "RunTestsOnMAC" */;
			buildPhases = (
				9127A3141ED6F6C90069CD54 /* Sources */,
				9127A3151ED6F6C90069CD54 /* Frameworks */,
				9127A3161ED6F6C90069CD54 /* CopyFiles */,
			);
			buildRules = (
			);
			dependencies = (
			);
			name = RunTestsOnMAC;
			productName = RunTestsOnMAC;
			productReference = 9127A3181ED6F6C90069CD54 /* RunTestsOnMAC */;
			productType = "com.apple.product-type.tool";
		};
/* End PBXNativeTarget section */

/* Begin PBXProject section */
		9127A3101ED6F6C90069CD54 /* Project object */ = {
			isa = PBXProject;
			attributes = {
				LastUpgradeCheck = 0810;
				ORGANIZATIONNAME = JK;
				TargetAttributes = {
					9127A3171ED6F6C90069CD54 = {
						CreatedOnToolsVersion = 8.1;
						DevelopmentTeam = B5VVHWEWBM;
						ProvisioningStyle = Automatic;
					};
				};
			};
			buildConfigurationList = 9127A3131ED6F6C90069CD54 /* Build configuration list for PBXProject "RunTestsOnMAC" */;
			compatibilityVersion = "Xcode 3.2";
			developmentRegion = English;
			hasScannedForEncodings = 0;
			knownRegions = (
				en,
			);
			mainGroup = 9127A30F1ED6F6C90069CD54;
			productRefGroup = 9127A3191ED6F6C90069CD54 /* Products */;
			projectDirPath = "";
			projectRoot = "";
			targets = (
				9127A3171ED6F6C90069CD54 /* RunTestsOnMAC */,
			);
		};
/* End PBXProject section */

/* Begin PBXSourcesBuildPhase section */
		9127A3141ED6F6C90069CD54 /* Sources */ = {
			isa = PBXSourcesBuildPhase;
			buildActionMask = 2147483647;
			files = (
				9127A31C1ED6F6C90069CD54 /* main.m in Sources */,
			);
			runOnlyForDeploymentPostprocessing = 0;
		};
/* End PBXSourcesBuildPhase section */

/* Begin XCBuildConfiguration section */
		9127A31D1ED6F6C90069CD54 /* Debug */ = {
			isa = XCBuildConfiguration;
			buildSettings = {
				ALWAYS_SEARCH_USER_PATHS = NO;
				CLANG_ANALYZER_NONNULL = YES;
				CLANG_CXX_LANGUAGE_STANDARD = "gnu++0x";
				CLANG_CXX_LIBRARY = "libc++";
				CLANG_ENABLE_MODULES = YES;
				CLANG_ENABLE_OBJC_ARC = YES;
				CLANG_WARN_BOOL_CONVERSION = YES;
				CLANG_WARN_CONSTANT_CONVERSION = YES;
				CLANG_WARN_DIRECT_OBJC_ISA_USAGE = YES_ERROR;
				CLANG_WARN_DOCUMENTATION_COMMENTS = YES;
				CLANG_WARN_EMPTY_BODY = YES;
				CLANG_WARN_ENUM_CONVERSION = YES;
				CLANG_WARN_INFINITE_RECURSION = YES;
				CLANG_WARN_INT_CONVERSION = YES;
				CLANG_WARN_OBJC_ROOT_CLASS = YES_ERROR;
				CLANG_WARN_SUSPICIOUS_MOVES = YES;
				CLANG_WARN_UNREACHABLE_CODE = YES;
				CLANG_WARN__DUPLICATE_METHOD_MATCH = YES;
				CODE_SIGN_IDENTITY = "-";
				COPY_PHASE_STRIP = NO;
				DEBUG_INFORMATION_FORMAT = dwarf;
				ENABLE_STRICT_OBJC_MSGSEND = YES;
				ENABLE_TESTABILITY = YES;
				GCC_C_LANGUAGE_STANDARD = gnu99;
				GCC_DYNAMIC_NO_PIC = NO;
				GCC_NO_COMMON_BLOCKS = YES;
				GCC_OPTIMIZATION_LEVEL = 0;
				GCC_PREPROCESSOR_DEFINITIONS = (
					"DEBUG=1",
					"$(inherited)",
				);
				GCC_WARN_64_TO_32_BIT_CONVERSION = YES;
				GCC_WARN_ABOUT_RETURN_TYPE = YES_ERROR;
				GCC_WARN_UNDECLARED_SELECTOR = YES;
				GCC_WARN_UNINITIALIZED_AUTOS = YES_AGGRESSIVE;
				GCC_WARN_UNUSED_FUNCTION = YES;
				GCC_WARN_UNUSED_VARIABLE = YES;
				MACOSX_DEPLOYMENT_TARGET = 10.12;
				MTL_ENABLE_DEBUG_INFO = YES;
				ONLY_ACTIVE_ARCH = YES;
				SDKROOT = macosx;
			};
			name = Debug;
		};
		9127A31E1ED6F6C90069CD54 /* Release */ = {
			isa = XCBuildConfiguration;
			buildSettings = {
				ALWAYS_SEARCH_USER_PATHS = NO;
				CLANG_ANALYZER_NONNULL = YES;
				CLANG_CXX_LANGUAGE_STANDARD = "gnu++0x";
				CLANG_CXX_LIBRARY = "libc++";
				CLANG_ENABLE_MODULES = YES;
				CLANG_ENABLE_OBJC_ARC = YES;
				CLANG_WARN_BOOL_CONVERSION = YES;
				CLANG_WARN_CONSTANT_CONVERSION = YES;
				CLANG_WARN_DIRECT_OBJC_ISA_USAGE = YES_ERROR;
				CLANG_WARN_DOCUMENTATION_COMMENTS = YES;
				CLANG_WARN_EMPTY_BODY = YES;
				CLANG_WARN_ENUM_CONVERSION = YES;
				CLANG_WARN_INFINITE_RECURSION = YES;
				CLANG_WARN_INT_CONVERSION = YES;
				CLANG_WARN_OBJC_ROOT_CLASS = YES_ERROR;
				CLANG_WARN_SUSPICIOUS_MOVES = YES;
				CLANG_WARN_UNREACHABLE_CODE = YES;
				CLANG_WARN__DUPLICATE_METHOD_MATCH = YES;
				CODE_SIGN_IDENTITY = "-";
				COPY_PHASE_STRIP = NO;
				DEBUG_INFORMATION_FORMAT = "dwarf-with-dsym";
				ENABLE_NS_ASSERTIONS = NO;
				ENABLE_STRICT_OBJC_MSGSEND = YES;
				GCC_C_LANGUAGE_STANDARD = gnu99;
				GCC_NO_COMMON_BLOCKS = YES;
				GCC_WARN_64_TO_32_BIT_CONVERSION = YES;
				GCC_WARN_ABOUT_RETURN_TYPE = YES_ERROR;
				GCC_WARN_UNDECLARED_SELECTOR = YES;
				GCC_WARN_UNINITIALIZED_AUTOS = YES_AGGRESSIVE;
				GCC_WARN_UNUSED_FUNCTION = YES;
				GCC_WARN_UNUSED_VARIABLE = YES;
				MACOSX_DEPLOYMENT_TARGET = 10.12;
				MTL_ENABLE_DEBUG_INFO = NO;
				SDKROOT = macosx;
			};
			name = Release;
		};
		9127A3201ED6F6C90069CD54 /* Debug */ = {
			isa = XCBuildConfiguration;
			buildSettings = {
				DEVELOPMENT_TEAM = B5VVHWEWBM;
				PRODUCT_NAME = "$(TARGET_NAME)";
			};
			name = Debug;
		};
		9127A3211ED6F6C90069CD54 /* Release */ = {
			isa = XCBuildConfiguration;
			buildSettings = {
				DEVELOPMENT_TEAM = B5VVHWEWBM;
				PRODUCT_NAME = "$(TARGET_NAME)";
			};
			name = Release;
		};
/* End XCBuildConfiguration section */

/* Begin XCConfigurationList section */
		9127A3131ED6F6C90069CD54 /* Build configuration list for PBXProject "RunTestsOnMAC" */ = {
			isa = XCConfigurationList;
			buildConfigurations = (
				9127A31D1ED6F6C90069CD54 /* Debug */,
				9127A31E1ED6F6C90069CD54 /* Release */,
			);
			defaultConfigurationIsVisible = 0;
			defaultConfigurationName = Release;
		};
		9127A31F1ED6F6C90069CD54 /* Build configuration list for PBXNativeTarget "RunTestsOnMAC" */ = {
			isa = XCConfigurationList;
			buildConfigurations = (
				9127A3201ED6F6C90069CD54 /* Debug */,
				9127A3211ED6F6C90069CD54 /* Release */,
			);
			defaultConfigurationIsVisible = 0;
		};
/* End XCConfigurationList section */
	};
	rootObject = 9127A3101ED6F6C90069CD54 /* Project object */;
}
